
Microsoft Visual Studio Solution File, Format Version 12.00
# Visual Studio Version 16
VisualStudioVersion = 16.0.29409.12
MinimumVisualStudioVersion = 10.0.40219.1
Project("{FAE04EC0-301F-11D3-BF4B-00C04F79EFBC}") = "AgenciaViajes.API", "AgenciaViajes.API\AgenciaViajes.API.csproj", "{68B802E1-9CF3-444A-96E8-173848A07685}"
EndProject
Project("{FAE04EC0-301F-11D3-BF4B-00C04F79EFBC}") = "AgenciaViajes.MVC", "AgenciaViajes.MVC\AgenciaViajes.MVC.csproj", "{671F057A-FD54-42CC-8299-FD4C9D213CB8}"
EndProject
Global
	GlobalSection(SolutionConfigurationPlatforms) = preSolution
		Debug|Any CPU = Debug|Any CPU
		Release|Any CPU = Release|Any CPU
	EndGlobalSection
	GlobalSection(ProjectConfigurationPlatforms) = postSolution
		{68B802E1-9CF3-444A-96E8-173848A07685}.Debug|Any CPU.ActiveCfg = Debug|Any CPU
		{68B802E1-9CF3-444A-96E8-173848A07685}.Debug|Any CPU.Build.0 = Debug|Any CPU
		{68B802E1-9CF3-444A-96E8-173848A07685}.Release|Any CPU.ActiveCfg = Release|Any CPU
		{68B802E1-9CF3-444A-96E8-173848A07685}.Release|Any CPU.Build.0 = Release|Any CPU
		{671F057A-FD54-42CC-8299-FD4C9D213CB8}.Debug|Any CPU.ActiveCfg = Debug|Any CPU
		{671F057A-FD54-42CC-8299-FD4C9D213CB8}.Debug|Any CPU.Build.0 = Debug|Any CPU
		{671F057A-FD54-42CC-8299-FD4C9D213CB8}.Release|Any CPU.ActiveCfg = Release|Any CPU
		{671F057A-FD54-42CC-8299-FD4C9D213CB8}.Release|Any CPU.Build.0 = Release|Any CPU
	EndGlobalSection
	GlobalSection(SolutionProperties) = preSolution
		HideSolutionNode = FALSE
	EndGlobalSection
	GlobalSection(ExtensibilityGlobals) = postSolution
		SolutionGuid = {9B78A450-E6CD-4526-AC80-C34456574BFE}
	EndGlobalSection
EndGlobal
